{
  "name": "dev",
  "lockfileVersion": 3,
  "requires": true,
  "packages": {
    "": {
      "dependencies": {
        "typemate": "^0.7.1"
      }
    },
    "node_modules/typemate": {
      "version": "0.7.1",
      "resolved": "https://registry.npmjs.org/typemate/-/typemate-0.7.1.tgz",
      "integrity": "sha512-h46tSrsk4ow63Q7oa0Dm+3GSjpOPxbYhn8d2FEGJIIOFHVeYbdADq9ZpJBaETbiW86E+1reAxUSs3p/kl1y8sQ=="
    }
  }
}
