{
  "name": "dev",
  "lockfileVersion": 3,
  "requires": true,
  "packages": {
    "": {
      "dependencies": {
        "photoswipe": "^5.4.4",
        "typemate": "^0.7.1"
      }
    },
    "node_modules/photoswipe": {
      "version": "5.4.4",
      "resolved": "https://registry.npmjs.org/photoswipe/-/photoswipe-5.4.4.tgz",
      "integrity": "sha512-WNFHoKrkZNnvFFhbHL93WDkW3ifwVOXSW3w1UuZZelSmgXpIGiZSNlZJq37rR8YejqME2rHs9EhH9ZvlvFH2NA==",
      "engines": {
        "node": ">= 0.12.0"
      }
    },
    "node_modules/typemate": {
      "version": "0.7.1",
      "resolved": "https://registry.npmjs.org/typemate/-/typemate-0.7.1.tgz",
      "integrity": "sha512-h46tSrsk4ow63Q7oa0Dm+3GSjpOPxbYhn8d2FEGJIIOFHVeYbdADq9ZpJBaETbiW86E+1reAxUSs3p/kl1y8sQ=="
    }
  }
}
